
Microsoft Visual Studio Solution File, Format Version 12.00
# Visual Studio 15
VisualStudioVersion = 15.0.28307.168
MinimumVisualStudioVersion = 10.0.40219.1
Project("{FAE04EC0-301F-11D3-BF4B-00C04F79EFBC}") = "01_GettingStarted_Trace", "01_GettingStarted_Trace\01_GettingStarted_Trace.csproj", "{3BEFF455-486C-443E-8AE2-E4C8734C8588}"
EndProject
Project("{FAE04EC0-301F-11D3-BF4B-00C04F79EFBC}") = "02_GettingStarted_Metrics", "02_GettingStarted_Metrics\02_GettingStarted_Metrics.csproj", "{C8DE0689-A706-42D8-B402-D0FDC8F1A262}"
EndProject
Global
	GlobalSection(SolutionConfigurationPlatforms) = preSolution
		Debug|Any CPU = Debug|Any CPU
		Release|Any CPU = Release|Any CPU
	EndGlobalSection
	GlobalSection(ProjectConfigurationPlatforms) = postSolution
		{3BEFF455-486C-443E-8AE2-E4C8734C8588}.Debug|Any CPU.ActiveCfg = Debug|Any CPU
		{3BEFF455-486C-443E-8AE2-E4C8734C8588}.Debug|Any CPU.Build.0 = Debug|Any CPU
		{3BEFF455-486C-443E-8AE2-E4C8734C8588}.Release|Any CPU.ActiveCfg = Release|Any CPU
		{3BEFF455-486C-443E-8AE2-E4C8734C8588}.Release|Any CPU.Build.0 = Release|Any CPU
		{C8DE0689-A706-42D8-B402-D0FDC8F1A262}.Debug|Any CPU.ActiveCfg = Debug|Any CPU
		{C8DE0689-A706-42D8-B402-D0FDC8F1A262}.Debug|Any CPU.Build.0 = Debug|Any CPU
		{C8DE0689-A706-42D8-B402-D0FDC8F1A262}.Release|Any CPU.ActiveCfg = Release|Any CPU
		{C8DE0689-A706-42D8-B402-D0FDC8F1A262}.Release|Any CPU.Build.0 = Release|Any CPU
	EndGlobalSection
	GlobalSection(SolutionProperties) = preSolution
		HideSolutionNode = FALSE
	EndGlobalSection
	GlobalSection(ExtensibilityGlobals) = postSolution
		SolutionGuid = {8B970C6A-9838-4EC7-AA79-5C5AE78A2CF2}
	EndGlobalSection
EndGlobal
